{
  "name": "examples",
  "version": "1.0.0",
  "lockfileVersion": 1,
  "requires": true,
  "dependencies": {
    "node-channels": {
      "version": "0.1.0",
      "resolved": "https://registry.npmjs.org/node-channels/-/node-channels-0.1.0.tgz",
      "integrity": "sha512-wvuvCL5fM59lM2W+D0yLBYlPwd4C7Da1LEUzFSxIMdBPkTWPgmqfOo2o0mYGsChGdDFvk7UjuVpqpUTWMQzUWQ=="
    }
  }
}
